lockfileVersion: '9.0'

settings:
  autoInstallPeers: false
  excludeLinksFromLockfile: false

catalogs:
  default:
    '@replit/vite-plugin-cartographer':
      specifier: ^0.5.21
      version: 0.5.21
    '@replit/vite-plugin-dev-banner':
      specifier: ^0.1.1
      version: 0.1.2
    '@replit/vite-plugin-runtime-error-modal':
      specifier: ^0.0.6
      version: 0.0.6
    '@tailwindcss/vite':
      specifier: ^4.1.14
      version: 4.3.3
    '@tanstack/react-query':
      specifier: ^5.90.21
      version: 5.102.8
    '@types/node':
      specifier: ^25.3.3
      version: 25.9.6
    '@types/react':
      specifier: ^19.2.0
      version: 19.3.0
    '@types/react-dom':
      specifier: ^19.2.0
      version: 19.3.0
    '@vitejs/plugin-react':
      specifier: ^5.0.4
      version: 5.2.0
    class-variance-authority:
      specifier: ^0.7.1
      version: 0.7.1
    clsx:
      specifier: ^2.1.1
      version: 2.1.1
    drizzle-orm:
      specifier: ^0.45.2
      version: 0.45.2
    framer-motion:
      specifier: ^12.23.24
      version: 12.43.0
    lucide-react:
      specifier: ^0.545.0
      version: 0.545.0
    react:
      specifier: 19.1.0
      version: 19.1.0
    react-dom:
      specifier: 19.1.0
      version: 19.1.0
    tailwind-merge:
      specifier: ^3.3.1
      version: 3.6.0
    tailwindcss:
      specifier: ^4.1.14
      version: 4.3.3
    tsx:
      specifier: ^4.21.0
      version: 4.23.13
    vite:
      specifier: ^7.3.2
      version: 7.3.6
    zod:
      specifier: ^3.25.76
      version: 3.25.76

overrides:
  esbuild>@esbuild/darwin-arm64: '-'
  esbuild>@esbuild/darwin-x64: '-'
  esbuild>@esbuild/freebsd-arm64: '-'
  esbuild>@esbuild/freebsd-x64: '-'
  esbuild>@esbuild/linux-arm: '-'
  esbuild>@esbuild/linux-arm64: '-'
  esbuild>@esbuild/linux-ia32: '-'
  esbuild>@esbuild/linux-loong64: '-'
  esbuild>@esbuild/linux-mips64el: '-'
  esbuild>@esbuild/linux-ppc64: '-'
  esbuild>@esbuild/linux-riscv64: '-'
  esbuild>@esbuild/linux-s390x: '-'
  esbuild>@esbuild/netbsd-arm64: '-'
  esbuild>@esbuild/netbsd-x64: '-'
  esbuild>@esbuild/openbsd-arm64: '-'
  esbuild>@esbuild/openbsd-x64: '-'
  esbuild>@esbuild/sunos-x64: '-'
  esbuild>@esbuild/win32-arm64: '-'
  esbuild>@esbuild/win32-ia32: '-'
  esbuild>@esbuild/win32-x64: '-'
  esbuild>@esbuild/aix-ppc64: '-'
  esbuild>@esbuild/android-arm: '-'
  esbuild>@esbuild/android-arm64: '-'
  esbuild>@esbuild/android-x64: '-'
  esbuild>@esbuild/openharmony-arm64: '-'
  lightningcss>lightningcss-android-arm64: '-'
  lightningcss>lightningcss-darwin-arm64: '-'
  lightningcss>lightningcss-darwin-x64: '-'
  lightningcss>lightningcss-linux-arm64: '-'
  lightningcss>lightningcss-linux-x64: '-'
  lightningcss>lightningcss-win32-x64: '-'

packages:
  .:
    dependencies:
      '@replit/connectors-sdk':
        specifier: ^0.4.3
        version: 0.4.3
    devDependencies:
      prettier:
        specifier: ^3.9.6
        version: 3.9.6
      typescript:
        specifier: ~5.9.3
        version: 5.9.3

  artifacts/habit-tracker:
    devDependencies:
      '@hookform/resolvers':
        specifier: ^3.10.0
        version: 3.10.0(react-hook-form@7.55.0)
      '@radix-ui/react-accordion':
        specifier: ^1.2.4
        version: 1.2.4(react-dom@19.1.0)(react@19.1.0)
      '@radix-ui/react-alert-dialog':
        specifier: ^1.1.7
        version: 1.1.7(react-dom@19.1.0)(react@19.1.0)
      '@radix-ui/react-aspect-ratio':
        specifier: ^1.1.3
        version: 1.1.3(react@19.1.0)
      '@radix-ui/react-avatar':
        specifier: ^1.1.4
        version: 1.1.4(react-dom@19.1.0)(react@19.1.0)
      '@radix-ui/react-checkbox':
        specifier: ^1.1.5
        version: 1.1.5(react-dom@19.1.0)(react@19.1.0)
      '@radix-ui/react-collapsible':
        specifier: ^1.1.4
        version: 1.1.4(react-dom@19.1.0)(react@19.1.0)
      '@radix-ui/react-context-menu':
        specifier: ^2.2.7
        version: 2.2.7(react-dom@19.1.0)(react@19.1.0)
      '@radix-ui/react-dialog':
        specifier: ^1.1.7
        version: 1.1.7(react-dom@19.1.0)(react@19.1.0)
      '@radix-ui/react-dropdown-menu':
        specifier: ^2.1.7
        version: 2.1.7(react-dom@19.1.0)(react@19.1.0)
      '@radix-ui/react-hover-card':
        specifier: ^1.1.7
        version: 1.1.7(react-dom@19.1.0)(react@19.1.0)
      '@radix-ui/react-label':
        specifier: ^2.1.3
        version: 2.1.3(react-dom@19.1.0)(react@19.1.0)
      '@radix-ui/react-menubar':
        specifier: ^1.1.7
        version: 1.1.7(react-dom@19.1.0)(react@19.1.0)
      '@radix-ui/react-navigation-menu':
        specifier: ^1.2.6
        version: 1.2.6(react-dom@19.1.0)(react@19.1.0)
      '@radix-ui/react-popover':
        specifier: ^1.1.7
        version: 1.1.7(react-dom@19.1.0)(react@19.1.0)
      '@radix-ui/react-progress':
        specifier: ^1.1.3
        version: 1.1.3(react@19.1.0)
      '@radix-ui/react-radio-group':
        specifier: ^1.2.4
        version: 1.2.4(react-dom@19.1.0)(react@19.1.0)
      '@radix-ui/react-scroll-area':
        specifier: ^1.2.4
        version: 1.2.4(react-dom@19.1.0)(react@19.1.0)
      '@radix-ui/react-select':
        specifier: ^2.1.7
        version: 2.1.7(react-dom@19.1.0)(react@19.1.0)
      '@radix-ui/react-separator':
        specifier: ^1.1.3
        version: 1.1.3(react@19.1.0)
      '@radix-ui/react-slider':
        specifier: ^1.2.4
        version: 1.2.4(react-dom@19.1.0)(react@19.1.0)
      '@radix-ui/react-slot':
        specifier: ^1.2.0
        version: 1.2.0(react@19.1.0)
      '@radix-ui/react-switch':
        specifier: ^1.1.4
        version: 1.1.4(react-dom@19.1.0)(react@19.1.0)
      '@radix-ui/react-tabs':
        specifier: ^1.1.4
        version: 1.1.4(react-dom@19.1.0)(react@19.1.0)
      '@radix-ui/react-toast':
        specifier: ^1.2.7
        version: 1.2.7(react-dom@19.1.0)(react@19.1.0)
      '@radix-ui/react-toggle':
        specifier: ^1.1.3
        version: 1.1.3(react-dom@19.1.0)(react@19.1.0)
      '@radix-ui/react-toggle-group':
        specifier: ^1.1.3
        version: 1.1.3(react-dom@19.1.0)(react@19.1.0)
      '@radix-ui/react-tooltip':
        specifier: ^1.2.0
        version: 1.2.0(react-dom@19.1.0)(react@19.1.0)
      '@replit/vite-plugin-cartographer': catalog:
      '@replit/vite-plugin-dev-banner': catalog:
      '@replit/vite-plugin-runtime-error-modal': catalog:
      '@tailwindcss/typography':
        specifier: ^0.5.15
        version: 0.5.15(tailwindcss@4.3.3)
      '@tailwindcss/vite': catalog:
      '@tanstack/react-query': catalog:
      '@types/node': catalog:
      '@types/react': catalog:
      '@types/react-dom': catalog:
      '@vitejs/plugin-react': catalog:
      '@workspace/api-client-react':
        specifier: workspace:*
        version: link:../../lib/api-client-react
      class-variance-authority: catalog:
      clsx: catalog:
      cmdk:
        specifier: ^1.1.1
        version: 1.1.1(react-dom@19.1.0)(react@19.1.0)
      date-fns:
        specifier: ^3.6.0
        version: 3.6.0
      embla-carousel-react:
        specifier: ^8.6.0
        version: 8.6.0(react@19.1.0)
      framer-motion: catalog:
      input-otp:
        specifier: ^1.4.2
        version: 1.4.2(react@19.1.0)
      lucide-react: catalog:
      next-themes:
        specifier: ^0.4.6
        version: 0.4.6(react-dom@19.1.0)(react@19.1.0)
      react: catalog:
      react-day-picker:
        specifier: ^9.11.1
        version: 9.11.1(react@19.1.0)
      react-dom: catalog:
      react-hook-form:
        specifier: ^7.55.0
        version: 7.55.0(react@19.1.0)
      react-icons:
        specifier: ^5.4.0
        version: 5.4.0(react@19.1.0)
      react-resizable-panels:
        specifier: ^2.1.7
        version: 2.1.7(react-dom@19.1.0)(react@19.1.0)
      recharts:
        specifier: ^2.15.2
        version: 2.15.2(react-dom@19.1.0)(react@19.1.0)
      sonner:
        specifier: ^2.0.7
        version: 2.0.7(react-dom@19.1.0)(react@19.1.0)
      tailwind-merge: catalog:
      tailwindcss: catalog:
      tw-animate-css:
        specifier: ^1.4.0
        version: 1.4.0
      vaul:
        specifier: ^1.1.2
        version: 1.1.2(react-dom@19.1.0)(react@19.1.0)
      vite: catalog:
      wouter:
        specifier: ^3.3.5
        version: 3.3.5(react@19.1.0)
      zod: catalog:
    dependencies:
      '@supabase/supabase-js':
        specifier: ^2.58.0
        version: 2.58.0

  lib/api-client-react:
    devDependencies:
      '@types/react': catalog:
      react: catalog:

  lib/api-zod:
    devDependencies:
      zod: catalog:

  lib/db:
    devDependencies:
      '@types/node': catalog:
      drizzle-orm: catalog:
      drizzle-kit:
        specifier: ^0.31.2
        version: 0.31.2

  scripts:
    devDependencies:
      '@types/node': catalog:
      tsx: catalog:
      typescript:
        specifier: ~5.9.3
        version: 5.9.3
